// !$*UTF8*$!
{
	archiveVersion = 1;
	classes = {
	};
	objectVersion = 50;
	objects = {

/* Begin PBXBuildFile section */
		DEBF8E07229DE063006D59C2 /* AppDelegate.swift in Sources */ = {isa = PBXBuildFile; fileRef = DEBF8E06229DE063006D59C2 /* AppDelegate.swift */; };
		DEBF8E09229DE063006D59C2 /* art.scnassets in Resources */ = {isa = PBXBuildFile; fileRef = DEBF8E08229DE063006D59C2 /* art.scnassets */; };
		DEBF8E0B229DE063006D59C2 /* ViewController.swift in Sources */ = {isa = PBXBuildFile; fileRef = DEBF8E0A229DE063006D59C2 /* ViewController.swift */; };
		DEBF8E0E229DE063006D59C2 /* Main.storyboard in Resources */ = {isa = PBXBuildFile; fileRef = DEBF8E0C229DE063006D59C2 /* Main.storyboard */; };
		DEBF8E10229DE064006D59C2 /* Assets.xcassets in Resources */ = {isa = PBXBuildFile; fileRef = DEBF8E0F229DE064006D59C2 /* Assets.xcassets */; };
		DEBF8E13229DE064006D59C2 /* LaunchScreen.storyboard in Resources */ = {isa = PBXBuildFile; fileRef = DEBF8E11229DE064006D59C2 /* LaunchScreen.storyboard */; };
/* End PBXBuildFile section */

/* Begin PBXFileReference section */
		DEBF8E03229DE063006D59C2 /* AR Basketball.app */ = {isa = PBXFileReference; explicitFileType = wrapper.application; includeInIndex = 0; path = "AR Basketball.app"; sourceTree = BUILT_PRODUCTS_DIR; };
		DEBF8E06229DE063006D59C2 /* AppDelegate.swift */ = {isa = PBXFileReference; lastKnownFileType = sourcecode.swift; path = AppDelegate.swift; sourceTree = "<group>"; };
		DEBF8E08229DE063006D59C2 /* art.scnassets */ = {isa = PBXFileReference; lastKnownFileType = wrapper.scnassets; path = art.scnassets; sourceTree = "<group>"; };
		DEBF8E0A229DE063006D59C2 /* ViewController.swift */ = {isa = PBXFileReference; lastKnownFileType = sourcecode.swift; path = ViewController.swift; sourceTree = "<group>"; };
		DEBF8E0D229DE063006D59C2 /* Base */ = {isa = PBXFileReference; lastKnownFileType = file.storyboard; name = Base; path = Base.lproj/Main.storyboard; sourceTree = "<group>"; };
		DEBF8E0F229DE064006D59C2 /* Assets.xcassets */ = {isa = PBXFileReference; lastKnownFileType = folder.assetcatalog; path = Assets.xcassets; sourceTree = "<group>"; };
		DEBF8E12229DE064006D59C2 /* Base */ = {isa = PBXFileReference; lastKnownFileType = file.storyboard; name = Base; path = Base.lproj/LaunchScreen.storyboard; sourceTree = "<group>"; };
		DEBF8E14229DE064006D59C2 /* Info.plist */ = {isa = PBXFileReference; lastKnownFileType = text.plist.xml; path = Info.plist; sourceTree = "<group>"; };
/* End PBXFileReference section */

/* Begin PBXFrameworksBuildPhase section */
		DEBF8E00229DE063006D59C2 /* Frameworks */ = {
			isa = PBXFrameworksBuildPhase;
			buildActionMask = 2147483647;
			files = (
			);
			runOnlyForDeploymentPostprocessing = 0;
		};
/* End PBXFrameworksBuildPhase section */

/* Begin PBXGroup section */
		DEBF8DFA229DE063006D59C2 = {
			isa = PBXGroup;
			children = (
				DEBF8E05229DE063006D59C2 /* AR Basketball */,
				DEBF8E04229DE063006D59C2 /* Products */,
			);
			sourceTree = "<group>";
		};
		DEBF8E04229DE063006D59C2 /* Products */ = {
			isa = PBXGroup;
			children = (
				DEBF8E03229DE063006D59C2 /* AR Basketball.app */,
			);
			name = Products;
			sourceTree = "<group>";
		};
		DEBF8E05229DE063006D59C2 /* AR Basketball */ = {
			isa = PBXGroup;
			children = (
				DEBF8E06229DE063006D59C2 /* AppDelegate.swift */,
				DEBF8E08229DE063006D59C2 /* art.scnassets */,
				DEBF8E0A229DE063006D59C2 /* ViewController.swift */,
				DEBF8E0C229DE063006D59C2 /* Main.storyboard */,
				DEBF8E0F229DE064006D59C2 /* Assets.xcassets */,
				DEBF8E11229DE064006D59C2 /* LaunchScreen.storyboard */,
				DEBF8E14229DE064006D59C2 /* Info.plist */,
			);
			path = "AR Basketball";
			sourceTree = "<group>";
		};
/* End PBXGroup section */

/* Begin PBXNativeTarget section */
		DEBF8E02229DE063006D59C2 /* AR Basketball */ = {
			isa = PBXNativeTarget;
			buildConfigurationList = DEBF8E17229DE064006D59C2 /* Build configuration list for PBXNativeTarget "AR Basketball" */;
			buildPhases = (
				DEBF8DFF229DE063006D59C2 /* Sources */,
				DEBF8E00229DE063006D59C2 /* Frameworks */,
				DEBF8E01229DE063006D59C2 /* Resources */,
			);
			buildRules = (
			);
			dependencies = (
			);
			name = "AR Basketball";
			productName = "AR Basketball";
			productReference = DEBF8E03229DE063006D59C2 /* AR Basketball.app */;
			productType = "com.apple.product-type.application";
		};
/* End PBXNativeTarget section */

/* Begin PBXProject section */
		DEBF8DFB229DE063006D59C2 /* Project object */ = {
			isa = PBXProject;
			attributes = {
				LastSwiftUpdateCheck = 1020;
				LastUpgradeCheck = 1020;
				ORGANIZATIONNAME = "Ilia Karas";
				TargetAttributes = {
					DEBF8E02229DE063006D59C2 = {
						CreatedOnToolsVersion = 10.2;
					};
				};
			};
			buildConfigurationList = DEBF8DFE229DE063006D59C2 /* Build configuration list for PBXProject "AR Basketball" */;
			compatibilityVersion = "Xcode 9.3";
			developmentRegion = en;
			hasScannedForEncodings = 0;
			knownRegions = (
				en,
				Base,
			);
			mainGroup = DEBF8DFA229DE063006D59C2;
			productRefGroup = DEBF8E04229DE063006D59C2 /* Products */;
			projectDirPath = "";
			projectRoot = "";
			targets = (
				DEBF8E02229DE063006D59C2 /* AR Basketball */,
			);
		};
/* End PBXProject section */

/* Begin PBXResourcesBuildPhase section */
		DEBF8E01229DE063006D59C2 /* Resources */ = {
			isa = PBXResourcesBuildPhase;
			buildActionMask = 2147483647;
			files = (
				DEBF8E09229DE063006D59C2 /* art.scnassets in Resources */,
				DEBF8E13229DE064006D59C2 /* LaunchScreen.storyboard in Resources */,
				DEBF8E10229DE064006D59C2 /* Assets.xcassets in Resources */,
				DEBF8E0E229DE063006D59C2 /* Main.storyboard in Resources */,
			);
			runOnlyForDeploymentPostprocessing = 0;
		};
/* End PBXResourcesBuildPhase section */

/* Begin PBXSourcesBuildPhase section */
		DEBF8DFF229DE063006D59C2 /* Sources */ = {
			isa = PBXSourcesBuildPhase;
			buildActionMask = 2147483647;
			files = (
				DEBF8E0B229DE063006D59C2 /* ViewController.swift in Sources */,
				DEBF8E07229DE063006D59C2 /* AppDelegate.swift in Sources */,
			);
			runOnlyForDeploymentPostprocessing = 0;
		};
/* End PBXSourcesBuildPhase section */

/* Begin PBXVariantGroup section */
		DEBF8E0C229DE063006D59C2 /* Main.storyboard */ = {
			isa = PBXVariantGroup;
			children = (
				DEBF8E0D229DE063006D59C2 /* Base */,
			);
			name = Main.storyboard;
			sourceTree = "<group>";
		};
		DEBF8E11229DE064006D59C2 /* LaunchScreen.storyboard */ = {
			isa = PBXVariantGroup;
			children = (
				DEBF8E12229DE064006D59C2 /* Base */,
			);
			name = LaunchScreen.storyboard;
			sourceTree = "<group>";
		};
/* End PBXVariantGroup section */

/* Begin XCBuildConfiguration section */
		DEBF8E15229DE064006D59C2 /* Debug */ = {
			isa = XCBuildConfiguration;
			buildSettings = {
				ALWAYS_SEARCH_USER_PATHS = NO;
				CLANG_ANALYZER_NONNULL = YES;
				CLANG_ANALYZER_NUMBER_OBJECT_CONVERSION = YES_AGGRESSIVE;
				CLANG_CXX_LANGUAGE_STANDARD = "gnu++14";
				CLANG_CXX_LIBRARY = "libc++";
				CLANG_ENABLE_MODULES = YES;
				CLANG_ENABLE_OBJC_ARC = YES;
				CLANG_ENABLE_OBJC_WEAK = YES;
				CLANG_WARN_BLOCK_CAPTURE_AUTORELEASING = YES;
				CLANG_WARN_BOOL_CONVERSION = YES;
				CLANG_WARN_COMMA = YES;
				CLANG_WARN_CONSTANT_CONVERSION = YES;
				CLANG_WARN_DEPRECATED_OBJC_IMPLEMENTATIONS = YES;
				CLANG_WARN_DIRECT_OBJC_ISA_USAGE = YES_ERROR;
				CLANG_WARN_DOCUMENTATION_COMMENTS = YES;
				CLANG_WARN_EMPTY_BODY = YES;
				CLANG_WARN_ENUM_CONVERSION = YES;
				CLANG_WARN_INFINITE_RECURSION = YES;
				CLANG_WARN_INT_CONVERSION = YES;
				CLANG_WARN_NON_LITERAL_NULL_CONVERSION = YES;
				CLANG_WARN_OBJC_IMPLICIT_RETAIN_SELF = YES;
				CLANG_WARN_OBJC_LITERAL_CONVERSION = YES;
				CLANG_WARN_OBJC_ROOT_CLASS = YES_ERROR;
				CLANG_WARN_RANGE_LOOP_ANALYSIS = YES;
				CLANG_WARN_STRICT_PROTOTYPES = YES;
				CLANG_WARN_SUSPICIOUS_MOVE = YES;
				CLANG_WARN_UNGUARDED_AVAILABILITY = YES_AGGRESSIVE;
				CLANG_WARN_UNREACHABLE_CODE = YES;
				CLANG_WARN__DUPLICATE_METHOD_MATCH = YES;
				CODE_SIGN_IDENTITY = "iPhone Developer";
				COPY_PHASE_STRIP = NO;
				DEBUG_INFORMATION_FORMAT = dwarf;
				ENABLE_STRICT_OBJC_MSGSEND = YES;
				ENABLE_TESTABILITY = YES;
				GCC_C_LANGUAGE_STANDARD = gnu11;
				GCC_DYNAMIC_NO_PIC = NO;
				GCC_NO_COMMON_BLOCKS = YES;
				GCC_OPTIMIZATION_LEVEL = 0;
				GCC_PREPROCESSOR_DEFINITIONS = (
					"DEBUG=1",
					"$(inherited)",
				);
				GCC_WARN_64_TO_32_BIT_CONVERSION = YES;
				GCC_WARN_ABOUT_RETURN_TYPE = YES_ERROR;
				GCC_WARN_UNDECLARED_SELECTOR = YES;
				GCC_WARN_UNINITIALIZED_AUTOS = YES_AGGRESSIVE;
				GCC_WARN_UNUSED_FUNCTION = YES;
				GCC_WARN_UNUSED_VARIABLE = YES;
				IPHONEOS_DEPLOYMENT_TARGET = 12.2;
				MTL_ENABLE_DEBUG_INFO = INCLUDE_SOURCE;
				MTL_FAST_MATH = YES;
				ONLY_ACTIVE_ARCH = YES;
				SDKROOT = iphoneos;
				SWIFT_ACTIVE_COMPILATION_CONDITIONS = DEBUG;
				SWIFT_OPTIMIZATION_LEVEL = "-Onone";
			};
			name = Debug;
		};
		DEBF8E16229DE064006D59C2 /* Release */ = {
			isa = XCBuildConfiguration;
			buildSettings = {
				ALWAYS_SEARCH_USER_PATHS = NO;
				CLANG_ANALYZER_NONNULL = YES;
				CLANG_ANALYZER_NUMBER_OBJECT_CONVERSION = YES_AGGRESSIVE;
				CLANG_CXX_LANGUAGE_STANDARD = "gnu++14";
				CLANG_CXX_LIBRARY = "libc++";
				CLANG_ENABLE_MODULES = YES;
				CLANG_ENABLE_OBJC_ARC = YES;
				CLANG_ENABLE_OBJC_WEAK = YES;
				CLANG_WARN_BLOCK_CAPTURE_AUTORELEASING = YES;
				CLANG_WARN_BOOL_CONVERSION = YES;
				CLANG_WARN_COMMA = YES;
				CLANG_WARN_CONSTANT_CONVERSION = YES;
				CLANG_WARN_DEPRECATED_OBJC_IMPLEMENTATIONS = YES;
				CLANG_WARN_DIRECT_OBJC_ISA_USAGE = YES_ERROR;
				CLANG_WARN_DOCUMENTATION_COMMENTS = YES;
				CLANG_WARN_EMPTY_BODY = YES;
				CLANG_WARN_ENUM_CONVERSION = YES;
				CLANG_WARN_INFINITE_RECURSION = YES;
				CLANG_WARN_INT_CONVERSION = YES;
				CLANG_WARN_NON_LITERAL_NULL_CONVERSION = YES;
				CLANG_WARN_OBJC_IMPLICIT_RETAIN_SELF = YES;
				CLANG_WARN_OBJC_LITERAL_CONVERSION = YES;
				CLANG_WARN_OBJC_ROOT_CLASS = YES_ERROR;
				CLANG_WARN_RANGE_LOOP_ANALYSIS = YES;
				CLANG_WARN_STRICT_PROTOTYPES = YES;
				CLANG_WARN_SUSPICIOUS_MOVE = YES;
				CLANG_WARN_UNGUARDED_AVAILABILITY = YES_AGGRESSIVE;
				CLANG_WARN_UNREACHABLE_CODE = YES;
				CLANG_WARN__DUPLICATE_METHOD_MATCH = YES;
				CODE_SIGN_IDENTITY = "iPhone Developer";
				COPY_PHASE_STRIP = NO;
				DEBUG_INFORMATION_FORMAT = "dwarf-with-dsym";
				ENABLE_NS_ASSERTIONS = NO;
				ENABLE_STRICT_OBJC_MSGSEND = YES;
				GCC_C_LANGUAGE_STANDARD = gnu11;
				GCC_NO_COMMON_BLOCKS = YES;
				GCC_WARN_64_TO_32_BIT_CONVERSION = YES;
				GCC_WARN_ABOUT_RETURN_TYPE = YES_ERROR;
				GCC_WARN_UNDECLARED_SELECTOR = YES;
				GCC_WARN_UNINITIALIZED_AUTOS = YES_AGGRESSIVE;
				GCC_WARN_UNUSED_FUNCTION = YES;
				GCC_WARN_UNUSED_VARIABLE = YES;
				IPHONEOS_DEPLOYMENT_TARGET = 12.2;
				MTL_ENABLE_DEBUG_INFO = NO;
				MTL_FAST_MATH = YES;
				SDKROOT = iphoneos;
				SWIFT_COMPILATION_MODE = wholemodule;
				SWIFT_OPTIMIZATION_LEVEL = "-O";
				VALIDATE_PRODUCT = YES;
			};
			name = Release;
		};
		DEBF8E18229DE064006D59C2 /* Debug */ = {
			isa = XCBuildConfiguration;
			buildSettings = {
				ASSETCATALOG_COMPILER_APPICON_NAME = AppIcon;
				CODE_SIGN_STYLE = Automatic;
				DEVELOPMENT_TEAM = 4RUCTZF9T9;
				INFOPLIST_FILE = "AR Basketball/Info.plist";
				LD_RUNPATH_SEARCH_PATHS = (
					"$(inherited)",
					"@executable_path/Frameworks",
				);
				PRODUCT_BUNDLE_IDENTIFIER = "com.iliakaras.AR-Basketball";
				PRODUCT_NAME = "$(TARGET_NAME)";
				SWIFT_VERSION = 5.0;
				TARGETED_DEVICE_FAMILY = "1,2";
			};
			name = Debug;
		};
		DEBF8E19229DE064006D59C2 /* Release */ = {
			isa = XCBuildConfiguration;
			buildSettings = {
				ASSETCATALOG_COMPILER_APPICON_NAME = AppIcon;
				CODE_SIGN_STYLE = Automatic;
				DEVELOPMENT_TEAM = 4RUCTZF9T9;
				INFOPLIST_FILE = "AR Basketball/Info.plist";
				LD_RUNPATH_SEARCH_PATHS = (
					"$(inherited)",
					"@executable_path/Frameworks",
				);
				PRODUCT_BUNDLE_IDENTIFIER = "com.iliakaras.AR-Basketball";
				PRODUCT_NAME = "$(TARGET_NAME)";
				SWIFT_VERSION = 5.0;
				TARGETED_DEVICE_FAMILY = "1,2";
			};
			name = Release;
		};
/* End XCBuildConfiguration section */

/* Begin XCConfigurationList section */
		DEBF8DFE229DE063006D59C2 /* Build configuration list for PBXProject "AR Basketball" */ = {
			isa = XCConfigurationList;
			buildConfigurations = (
				DEBF8E15229DE064006D59C2 /* Debug */,
				DEBF8E16229DE064006D59C2 /* Release */,
			);
			defaultConfigurationIsVisible = 0;
			defaultConfigurationName = Release;
		};
		DEBF8E17229DE064006D59C2 /* Build configuration list for PBXNativeTarget "AR Basketball" */ = {
			isa = XCConfigurationList;
			buildConfigurations = (
				DEBF8E18229DE064006D59C2 /* Debug */,
				DEBF8E19229DE064006D59C2 /* Release */,
			);
			defaultConfigurationIsVisible = 0;
			defaultConfigurationName = Release;
		};
/* End XCConfigurationList section */
	};
	rootObject = DEBF8DFB229DE063006D59C2 /* Project object */;
}
